
Microsoft Visual Studio Solution File, Format Version 12.00
# Visual Studio Version 16
VisualStudioVersion = 16.0.29806.167
MinimumVisualStudioVersion = 10.0.40219.1
Project("{FAE04EC0-301F-11D3-BF4B-00C04F79EFBC}") = "FixyNet", "FixyNet\FixyNet.csproj", "{2A5F41AC-5452-4C6B-8A5F-063F8254D656}"
EndProject
Project("{FAE04EC0-301F-11D3-BF4B-00C04F79EFBC}") = "PoolServiceFixynet", "PoolServiceFixynet\PoolServiceFixynet.csproj", "{BB0277DC-7265-4BAD-BE8D-C4AD7C79CC2B}"
EndProject
Global
	GlobalSection(SolutionConfigurationPlatforms) = preSolution
		Debug|Any CPU = Debug|Any CPU
		Release|Any CPU = Release|Any CPU
	EndGlobalSection
	GlobalSection(ProjectConfigurationPlatforms) = postSolution
		{2A5F41AC-5452-4C6B-8A5F-063F8254D656}.Debug|Any CPU.ActiveCfg = Debug|Any CPU
		{2A5F41AC-5452-4C6B-8A5F-063F8254D656}.Debug|Any CPU.Build.0 = Debug|Any CPU
		{2A5F41AC-5452-4C6B-8A5F-063F8254D656}.Release|Any CPU.ActiveCfg = Release|Any CPU
		{2A5F41AC-5452-4C6B-8A5F-063F8254D656}.Release|Any CPU.Build.0 = Release|Any CPU
		{BB0277DC-7265-4BAD-BE8D-C4AD7C79CC2B}.Debug|Any CPU.ActiveCfg = Debug|Any CPU
		{BB0277DC-7265-4BAD-BE8D-C4AD7C79CC2B}.Debug|Any CPU.Build.0 = Debug|Any CPU
		{BB0277DC-7265-4BAD-BE8D-C4AD7C79CC2B}.Release|Any CPU.ActiveCfg = Release|Any CPU
		{BB0277DC-7265-4BAD-BE8D-C4AD7C79CC2B}.Release|Any CPU.Build.0 = Release|Any CPU
	EndGlobalSection
	GlobalSection(SolutionProperties) = preSolution
		HideSolutionNode = FALSE
	EndGlobalSection
	GlobalSection(ExtensibilityGlobals) = postSolution
		SolutionGuid = {7408BC71-415F-4BBA-B22E-17ACC0839556}
	EndGlobalSection
EndGlobal
